// !$*UTF8*$!
{
	archiveVersion = 1;
	classes = {
	};
	objectVersion = 56;
	objects = {

/* Begin PBXBuildFile section */
		22463AFA3BB815F057A966D2 /* Pods_AnimeWave.framework in Frameworks */ = {isa = PBXBuildFile; fileRef = 9E76E8AFA427E7CF616D61F7 /* Pods_AnimeWave.framework */; };
		278836892B9E4FBA000A585C /* AppDelegate.swift in Sources */ = {isa = PBXBuildFile; fileRef = 278836882B9E4FBA000A585C /* AppDelegate.swift */; };
		2788368B2B9E4FBA000A585C /* SceneDelegate.swift in Sources */ = {isa = PBXBuildFile; fileRef = 2788368A2B9E4FBA000A585C /* SceneDelegate.swift */; };
		278836922B9E4FBC000A585C /* Assets.xcassets in Resources */ = {isa = PBXBuildFile; fileRef = 278836912B9E4FBC000A585C /* Assets.xcassets */; };
		278836952B9E4FBC000A585C /* LaunchScreen.storyboard in Resources */ = {isa = PBXBuildFile; fileRef = 278836932B9E4FBC000A585C /* LaunchScreen.storyboard */; };
		278836A02B9E6070000A585C /* MainTabBarViewController.swift in Sources */ = {isa = PBXBuildFile; fileRef = 2788369F2B9E6070000A585C /* MainTabBarViewController.swift */; };
		278836A82B9E60F7000A585C /* CalendarViewController.swift in Sources */ = {isa = PBXBuildFile; fileRef = 278836A72B9E60F7000A585C /* CalendarViewController.swift */; };
		278836AA2B9E6114000A585C /* SearchViewController.swift in Sources */ = {isa = PBXBuildFile; fileRef = 278836A92B9E6114000A585C /* SearchViewController.swift */; };
		278836AC2B9E612E000A585C /* AnimeListViewController.swift in Sources */ = {isa = PBXBuildFile; fileRef = 278836AB2B9E612E000A585C /* AnimeListViewController.swift */; };
		278836AE2B9E6723000A585C /* ProfileViewController.swift in Sources */ = {isa = PBXBuildFile; fileRef = 278836AD2B9E6723000A585C /* ProfileViewController.swift */; };
/* End PBXBuildFile section */

/* Begin PBXFileReference section */
		278836852B9E4FBA000A585C /* AnimeWave.app */ = {isa = PBXFileReference; explicitFileType = wrapper.application; includeInIndex = 0; path = AnimeWave.app; sourceTree = BUILT_PRODUCTS_DIR; };
		278836882B9E4FBA000A585C /* AppDelegate.swift */ = {isa = PBXFileReference; lastKnownFileType = sourcecode.swift; path = AppDelegate.swift; sourceTree = "<group>"; };
		2788368A2B9E4FBA000A585C /* SceneDelegate.swift */ = {isa = PBXFileReference; lastKnownFileType = sourcecode.swift; path = SceneDelegate.swift; sourceTree = "<group>"; };
		278836912B9E4FBC000A585C /* Assets.xcassets */ = {isa = PBXFileReference; lastKnownFileType = folder.assetcatalog; path = Assets.xcassets; sourceTree = "<group>"; };
		278836942B9E4FBC000A585C /* Base */ = {isa = PBXFileReference; lastKnownFileType = file.storyboard; name = Base; path = Base.lproj/LaunchScreen.storyboard; sourceTree = "<group>"; };
		278836962B9E4FBC000A585C /* Info.plist */ = {isa = PBXFileReference; lastKnownFileType = text.plist.xml; path = Info.plist; sourceTree = "<group>"; };
		2788369F2B9E6070000A585C /* MainTabBarViewController.swift */ = {isa = PBXFileReference; lastKnownFileType = sourcecode.swift; path = MainTabBarViewController.swift; sourceTree = "<group>"; };
		278836A72B9E60F7000A585C /* CalendarViewController.swift */ = {isa = PBXFileReference; lastKnownFileType = sourcecode.swift; path = CalendarViewController.swift; sourceTree = "<group>"; };
		278836A92B9E6114000A585C /* SearchViewController.swift */ = {isa = PBXFileReference; lastKnownFileType = sourcecode.swift; path = SearchViewController.swift; sourceTree = "<group>"; };
		278836AB2B9E612E000A585C /* AnimeListViewController.swift */ = {isa = PBXFileReference; lastKnownFileType = sourcecode.swift; path = AnimeListViewController.swift; sourceTree = "<group>"; };
		278836AD2B9E6723000A585C /* ProfileViewController.swift */ = {isa = PBXFileReference; lastKnownFileType = sourcecode.swift; path = ProfileViewController.swift; sourceTree = "<group>"; };
		9E76E8AFA427E7CF616D61F7 /* Pods_AnimeWave.framework */ = {isa = PBXFileReference; explicitFileType = wrapper.framework; includeInIndex = 0; path = Pods_AnimeWave.framework; sourceTree = BUILT_PRODUCTS_DIR; };
		C6B5DAB4C98AB49359C3A096 /* Pods-AnimeWave.release.xcconfig */ = {isa = PBXFileReference; includeInIndex = 1; lastKnownFileType = text.xcconfig; name = "Pods-AnimeWave.release.xcconfig"; path = "Target Support Files/Pods-AnimeWave/Pods-AnimeWave.release.xcconfig"; sourceTree = "<group>"; };
		E0EA87A39B1D2923BCDA35FD /* Pods-AnimeWave.debug.xcconfig */ = {isa = PBXFileReference; includeInIndex = 1; lastKnownFileType = text.xcconfig; name = "Pods-AnimeWave.debug.xcconfig"; path = "Target Support Files/Pods-AnimeWave/Pods-AnimeWave.debug.xcconfig"; sourceTree = "<group>"; };
/* End PBXFileReference section */

/* Begin PBXFrameworksBuildPhase section */
		278836822B9E4FBA000A585C /* Frameworks */ = {
			isa = PBXFrameworksBuildPhase;
			buildActionMask = 2147483647;
			files = (
				22463AFA3BB815F057A966D2 /* Pods_AnimeWave.framework in Frameworks */,
			);
			runOnlyForDeploymentPostprocessing = 0;
		};
/* End PBXFrameworksBuildPhase section */

/* Begin PBXGroup section */
		2788367C2B9E4FBA000A585C = {
			isa = PBXGroup;
			children = (
				278836872B9E4FBA000A585C /* AnimeWave */,
				278836862B9E4FBA000A585C /* Products */,
				E81FDE08E4CBB3660D006712 /* Pods */,
				635FF78557979EC8AD62DE2D /* Frameworks */,
			);
			sourceTree = "<group>";
		};
		278836862B9E4FBA000A585C /* Products */ = {
			isa = PBXGroup;
			children = (
				278836852B9E4FBA000A585C /* AnimeWave.app */,
			);
			name = Products;
			sourceTree = "<group>";
		};
		278836872B9E4FBA000A585C /* AnimeWave */ = {
			isa = PBXGroup;
			children = (
				2788369C2B9E4FDB000A585C /* Application */,
				2788369F2B9E6070000A585C /* MainTabBarViewController.swift */,
				278836A42B9E60B2000A585C /* ProfileScreen */,
				278836A32B9E60A2000A585C /* CalendarScreen */,
				278836A22B9E6091000A585C /* SearchScreen */,
				278836A12B9E6083000A585C /* AnimeListScreen */,
				2788369D2B9E4FF3000A585C /* Supporting Files */,
			);
			path = AnimeWave;
			sourceTree = "<group>";
		};
		2788369C2B9E4FDB000A585C /* Application */ = {
			isa = PBXGroup;
			children = (
				278836882B9E4FBA000A585C /* AppDelegate.swift */,
				2788368A2B9E4FBA000A585C /* SceneDelegate.swift */,
			);
			path = Application;
			sourceTree = "<group>";
		};
		2788369D2B9E4FF3000A585C /* Supporting Files */ = {
			isa = PBXGroup;
			children = (
				278836912B9E4FBC000A585C /* Assets.xcassets */,
				278836932B9E4FBC000A585C /* LaunchScreen.storyboard */,
				278836962B9E4FBC000A585C /* Info.plist */,
			);
			path = "Supporting Files";
			sourceTree = "<group>";
		};
		278836A12B9E6083000A585C /* AnimeListScreen */ = {
			isa = PBXGroup;
			children = (
				278836AB2B9E612E000A585C /* AnimeListViewController.swift */,
			);
			path = AnimeListScreen;
			sourceTree = "<group>";
		};
		278836A22B9E6091000A585C /* SearchScreen */ = {
			isa = PBXGroup;
			children = (
				278836A92B9E6114000A585C /* SearchViewController.swift */,
			);
			path = SearchScreen;
			sourceTree = "<group>";
		};
		278836A32B9E60A2000A585C /* CalendarScreen */ = {
			isa = PBXGroup;
			children = (
				278836A72B9E60F7000A585C /* CalendarViewController.swift */,
			);
			path = CalendarScreen;
			sourceTree = "<group>";
		};
		278836A42B9E60B2000A585C /* ProfileScreen */ = {
			isa = PBXGroup;
			children = (
				278836AD2B9E6723000A585C /* ProfileViewController.swift */,
			);
			path = ProfileScreen;
			sourceTree = "<group>";
		};
		635FF78557979EC8AD62DE2D /* Frameworks */ = {
			isa = PBXGroup;
			children = (
				9E76E8AFA427E7CF616D61F7 /* Pods_AnimeWave.framework */,
			);
			name = Frameworks;
			sourceTree = "<group>";
		};
		E81FDE08E4CBB3660D006712 /* Pods */ = {
			isa = PBXGroup;
			children = (
				E0EA87A39B1D2923BCDA35FD /* Pods-AnimeWave.debug.xcconfig */,
				C6B5DAB4C98AB49359C3A096 /* Pods-AnimeWave.release.xcconfig */,
			);
			path = Pods;
			sourceTree = "<group>";
		};
/* End PBXGroup section */

/* Begin PBXNativeTarget section */
		278836842B9E4FBA000A585C /* AnimeWave */ = {
			isa = PBXNativeTarget;
			buildConfigurationList = 278836992B9E4FBC000A585C /* Build configuration list for PBXNativeTarget "AnimeWave" */;
			buildPhases = (
				72FCF3D499F3B8F11DD2B182 /* [CP] Check Pods Manifest.lock */,
				278836812B9E4FBA000A585C /* Sources */,
				278836822B9E4FBA000A585C /* Frameworks */,
				278836832B9E4FBA000A585C /* Resources */,
				5541E01A98D0456CDFB4BD31 /* [CP] Embed Pods Frameworks */,
				2788369E2B9E5320000A585C /* Swiftlint */,
			);
			buildRules = (
			);
			dependencies = (
			);
			name = AnimeWave;
			productName = AnimeWave;
			productReference = 278836852B9E4FBA000A585C /* AnimeWave.app */;
			productType = "com.apple.product-type.application";
		};
/* End PBXNativeTarget section */

/* Begin PBXProject section */
		2788367D2B9E4FBA000A585C /* Project object */ = {
			isa = PBXProject;
			attributes = {
				BuildIndependentTargetsInParallel = 1;
				LastSwiftUpdateCheck = 1520;
				LastUpgradeCheck = 1520;
				TargetAttributes = {
					278836842B9E4FBA000A585C = {
						CreatedOnToolsVersion = 15.2;
					};
				};
			};
			buildConfigurationList = 278836802B9E4FBA000A585C /* Build configuration list for PBXProject "AnimeWave" */;
			compatibilityVersion = "Xcode 14.0";
			developmentRegion = en;
			hasScannedForEncodings = 0;
			knownRegions = (
				en,
				Base,
			);
			mainGroup = 2788367C2B9E4FBA000A585C;
			productRefGroup = 278836862B9E4FBA000A585C /* Products */;
			projectDirPath = "";
			projectRoot = "";
			targets = (
				278836842B9E4FBA000A585C /* AnimeWave */,
			);
		};
/* End PBXProject section */

/* Begin PBXResourcesBuildPhase section */
		278836832B9E4FBA000A585C /* Resources */ = {
			isa = PBXResourcesBuildPhase;
			buildActionMask = 2147483647;
			files = (
				278836952B9E4FBC000A585C /* LaunchScreen.storyboard in Resources */,
				278836922B9E4FBC000A585C /* Assets.xcassets in Resources */,
			);
			runOnlyForDeploymentPostprocessing = 0;
		};
/* End PBXResourcesBuildPhase section */

/* Begin PBXShellScriptBuildPhase section */
		2788369E2B9E5320000A585C /* Swiftlint */ = {
			isa = PBXShellScriptBuildPhase;
			alwaysOutOfDate = 1;
			buildActionMask = 2147483647;
			files = (
			);
			inputFileListPaths = (
			);
			inputPaths = (
			);
			name = Swiftlint;
			outputFileListPaths = (
			);
			outputPaths = (
			);
			runOnlyForDeploymentPostprocessing = 0;
			shellPath = /bin/sh;
			shellScript = "# Type a script or drag a script file from your workspace to insert its path.\n\"${PODS_ROOT}/SwiftLint/swiftlint\"\n";
			showEnvVarsInLog = 0;
		};
		5541E01A98D0456CDFB4BD31 /* [CP] Embed Pods Frameworks */ = {
			isa = PBXShellScriptBuildPhase;
			buildActionMask = 2147483647;
			files = (
			);
			inputFileListPaths = (
				"${PODS_ROOT}/Target Support Files/Pods-AnimeWave/Pods-AnimeWave-frameworks-${CONFIGURATION}-input-files.xcfilelist",
			);
			name = "[CP] Embed Pods Frameworks";
			outputFileListPaths = (
				"${PODS_ROOT}/Target Support Files/Pods-AnimeWave/Pods-AnimeWave-frameworks-${CONFIGURATION}-output-files.xcfilelist",
			);
			runOnlyForDeploymentPostprocessing = 0;
			shellPath = /bin/sh;
			shellScript = "\"${PODS_ROOT}/Target Support Files/Pods-AnimeWave/Pods-AnimeWave-frameworks.sh\"\n";
			showEnvVarsInLog = 0;
		};
		72FCF3D499F3B8F11DD2B182 /* [CP] Check Pods Manifest.lock */ = {
			isa = PBXShellScriptBuildPhase;
			buildActionMask = 2147483647;
			files = (
			);
			inputFileListPaths = (
			);
			inputPaths = (
				"${PODS_PODFILE_DIR_PATH}/Podfile.lock",
				"${PODS_ROOT}/Manifest.lock",
			);
			name = "[CP] Check Pods Manifest.lock";
			outputFileListPaths = (
			);
			outputPaths = (
				"$(DERIVED_FILE_DIR)/Pods-AnimeWave-checkManifestLockResult.txt",
			);
			runOnlyForDeploymentPostprocessing = 0;
			shellPath = /bin/sh;
			shellScript = "diff \"${PODS_PODFILE_DIR_PATH}/Podfile.lock\" \"${PODS_ROOT}/Manifest.lock\" > /dev/null\nif [ $? != 0 ] ; then\n    # print error to STDERR\n    echo \"error: The sandbox is not in sync with the Podfile.lock. Run 'pod install' or update your CocoaPods installation.\" >&2\n    exit 1\nfi\n# This output is used by Xcode 'outputs' to avoid re-running this script phase.\necho \"SUCCESS\" > \"${SCRIPT_OUTPUT_FILE_0}\"\n";
			showEnvVarsInLog = 0;
		};
/* End PBXShellScriptBuildPhase section */

/* Begin PBXSourcesBuildPhase section */
		278836812B9E4FBA000A585C /* Sources */ = {
			isa = PBXSourcesBuildPhase;
			buildActionMask = 2147483647;
			files = (
				278836AA2B9E6114000A585C /* SearchViewController.swift in Sources */,
				278836A82B9E60F7000A585C /* CalendarViewController.swift in Sources */,
				278836A02B9E6070000A585C /* MainTabBarViewController.swift in Sources */,
				278836AC2B9E612E000A585C /* AnimeListViewController.swift in Sources */,
				278836AE2B9E6723000A585C /* ProfileViewController.swift in Sources */,
				278836892B9E4FBA000A585C /* AppDelegate.swift in Sources */,
				2788368B2B9E4FBA000A585C /* SceneDelegate.swift in Sources */,
			);
			runOnlyForDeploymentPostprocessing = 0;
		};
/* End PBXSourcesBuildPhase section */

/* Begin PBXVariantGroup section */
		278836932B9E4FBC000A585C /* LaunchScreen.storyboard */ = {
			isa = PBXVariantGroup;
			children = (
				278836942B9E4FBC000A585C /* Base */,
			);
			name = LaunchScreen.storyboard;
			sourceTree = "<group>";
		};
/* End PBXVariantGroup section */

/* Begin XCBuildConfiguration section */
		278836972B9E4FBC000A585C /* Debug */ = {
			isa = XCBuildConfiguration;
			buildSettings = {
				ALWAYS_SEARCH_USER_PATHS = NO;
				ASSETCATALOG_COMPILER_GENERATE_SWIFT_ASSET_SYMBOL_EXTENSIONS = YES;
				CLANG_ANALYZER_NONNULL = YES;
				CLANG_ANALYZER_NUMBER_OBJECT_CONVERSION = YES_AGGRESSIVE;
				CLANG_CXX_LANGUAGE_STANDARD = "gnu++20";
				CLANG_ENABLE_MODULES = YES;
				CLANG_ENABLE_OBJC_ARC = YES;
				CLANG_ENABLE_OBJC_WEAK = YES;
				CLANG_WARN_BLOCK_CAPTURE_AUTORELEASING = YES;
				CLANG_WARN_BOOL_CONVERSION = YES;
				CLANG_WARN_COMMA = YES;
				CLANG_WARN_CONSTANT_CONVERSION = YES;
				CLANG_WARN_DEPRECATED_OBJC_IMPLEMENTATIONS = YES;
				CLANG_WARN_DIRECT_OBJC_ISA_USAGE = YES_ERROR;
				CLANG_WARN_DOCUMENTATION_COMMENTS = YES;
				CLANG_WARN_EMPTY_BODY = YES;
				CLANG_WARN_ENUM_CONVERSION = YES;
				CLANG_WARN_INFINITE_RECURSION = YES;
				CLANG_WARN_INT_CONVERSION = YES;
				CLANG_WARN_NON_LITERAL_NULL_CONVERSION = YES;
				CLANG_WARN_OBJC_IMPLICIT_RETAIN_SELF = YES;
				CLANG_WARN_OBJC_LITERAL_CONVERSION = YES;
				CLANG_WARN_OBJC_ROOT_CLASS = YES_ERROR;
				CLANG_WARN_QUOTED_INCLUDE_IN_FRAMEWORK_HEADER = YES;
				CLANG_WARN_RANGE_LOOP_ANALYSIS = YES;
				CLANG_WARN_STRICT_PROTOTYPES = YES;
				CLANG_WARN_SUSPICIOUS_MOVE = YES;
				CLANG_WARN_UNGUARDED_AVAILABILITY = YES_AGGRESSIVE;
				CLANG_WARN_UNREACHABLE_CODE = YES;
				CLANG_WARN__DUPLICATE_METHOD_MATCH = YES;
				COPY_PHASE_STRIP = NO;
				DEBUG_INFORMATION_FORMAT = dwarf;
				ENABLE_STRICT_OBJC_MSGSEND = YES;
				ENABLE_TESTABILITY = YES;
				ENABLE_USER_SCRIPT_SANDBOXING = NO;
				GCC_C_LANGUAGE_STANDARD = gnu17;
				GCC_DYNAMIC_NO_PIC = NO;
				GCC_NO_COMMON_BLOCKS = YES;
				GCC_OPTIMIZATION_LEVEL = 0;
				GCC_PREPROCESSOR_DEFINITIONS = (
					"DEBUG=1",
					"$(inherited)",
				);
				GCC_WARN_64_TO_32_BIT_CONVERSION = YES;
				GCC_WARN_ABOUT_RETURN_TYPE = YES_ERROR;
				GCC_WARN_UNDECLARED_SELECTOR = YES;
				GCC_WARN_UNINITIALIZED_AUTOS = YES_AGGRESSIVE;
				GCC_WARN_UNUSED_FUNCTION = YES;
				GCC_WARN_UNUSED_VARIABLE = YES;
				IPHONEOS_DEPLOYMENT_TARGET = 17.2;
				LOCALIZATION_PREFERS_STRING_CATALOGS = YES;
				MTL_ENABLE_DEBUG_INFO = INCLUDE_SOURCE;
				MTL_FAST_MATH = YES;
				ONLY_ACTIVE_ARCH = YES;
				SDKROOT = iphoneos;
				SWIFT_ACTIVE_COMPILATION_CONDITIONS = "DEBUG $(inherited)";
				SWIFT_OPTIMIZATION_LEVEL = "-Onone";
			};
			name = Debug;
		};
		278836982B9E4FBC000A585C /* Release */ = {
			isa = XCBuildConfiguration;
			buildSettings = {
				ALWAYS_SEARCH_USER_PATHS = NO;
				ASSETCATALOG_COMPILER_GENERATE_SWIFT_ASSET_SYMBOL_EXTENSIONS = YES;
				CLANG_ANALYZER_NONNULL = YES;
				CLANG_ANALYZER_NUMBER_OBJECT_CONVERSION = YES_AGGRESSIVE;
				CLANG_CXX_LANGUAGE_STANDARD = "gnu++20";
				CLANG_ENABLE_MODULES = YES;
				CLANG_ENABLE_OBJC_ARC = YES;
				CLANG_ENABLE_OBJC_WEAK = YES;
				CLANG_WARN_BLOCK_CAPTURE_AUTORELEASING = YES;
				CLANG_WARN_BOOL_CONVERSION = YES;
				CLANG_WARN_COMMA = YES;
				CLANG_WARN_CONSTANT_CONVERSION = YES;
				CLANG_WARN_DEPRECATED_OBJC_IMPLEMENTATIONS = YES;
				CLANG_WARN_DIRECT_OBJC_ISA_USAGE = YES_ERROR;
				CLANG_WARN_DOCUMENTATION_COMMENTS = YES;
				CLANG_WARN_EMPTY_BODY = YES;
				CLANG_WARN_ENUM_CONVERSION = YES;
				CLANG_WARN_INFINITE_RECURSION = YES;
				CLANG_WARN_INT_CONVERSION = YES;
				CLANG_WARN_NON_LITERAL_NULL_CONVERSION = YES;
				CLANG_WARN_OBJC_IMPLICIT_RETAIN_SELF = YES;
				CLANG_WARN_OBJC_LITERAL_CONVERSION = YES;
				CLANG_WARN_OBJC_ROOT_CLASS = YES_ERROR;
				CLANG_WARN_QUOTED_INCLUDE_IN_FRAMEWORK_HEADER = YES;
				CLANG_WARN_RANGE_LOOP_ANALYSIS = YES;
				CLANG_WARN_STRICT_PROTOTYPES = YES;
				CLANG_WARN_SUSPICIOUS_MOVE = YES;
				CLANG_WARN_UNGUARDED_AVAILABILITY = YES_AGGRESSIVE;
				CLANG_WARN_UNREACHABLE_CODE = YES;
				CLANG_WARN__DUPLICATE_METHOD_MATCH = YES;
				COPY_PHASE_STRIP = NO;
				DEBUG_INFORMATION_FORMAT = "dwarf-with-dsym";
				ENABLE_NS_ASSERTIONS = NO;
				ENABLE_STRICT_OBJC_MSGSEND = YES;
				ENABLE_USER_SCRIPT_SANDBOXING = NO;
				GCC_C_LANGUAGE_STANDARD = gnu17;
				GCC_NO_COMMON_BLOCKS = YES;
				GCC_WARN_64_TO_32_BIT_CONVERSION = YES;
				GCC_WARN_ABOUT_RETURN_TYPE = YES_ERROR;
				GCC_WARN_UNDECLARED_SELECTOR = YES;
				GCC_WARN_UNINITIALIZED_AUTOS = YES_AGGRESSIVE;
				GCC_WARN_UNUSED_FUNCTION = YES;
				GCC_WARN_UNUSED_VARIABLE = YES;
				IPHONEOS_DEPLOYMENT_TARGET = 17.2;
				LOCALIZATION_PREFERS_STRING_CATALOGS = YES;
				MTL_ENABLE_DEBUG_INFO = NO;
				MTL_FAST_MATH = YES;
				SDKROOT = iphoneos;
				SWIFT_COMPILATION_MODE = wholemodule;
				VALIDATE_PRODUCT = YES;
			};
			name = Release;
		};
		2788369A2B9E4FBC000A585C /* Debug */ = {
			isa = XCBuildConfiguration;
			baseConfigurationReference = E0EA87A39B1D2923BCDA35FD /* Pods-AnimeWave.debug.xcconfig */;
			buildSettings = {
				ASSETCATALOG_COMPILER_APPICON_NAME = AppIcon;
				ASSETCATALOG_COMPILER_GLOBAL_ACCENT_COLOR_NAME = AccentColor;
				CODE_SIGN_STYLE = Automatic;
				CURRENT_PROJECT_VERSION = 1;
				DEVELOPMENT_TEAM = 6Z768ZM658;
				GENERATE_INFOPLIST_FILE = YES;
				INFOPLIST_FILE = "AnimeWave/Supporting Files/Info.plist";
				INFOPLIST_KEY_UIApplicationSupportsIndirectInputEvents = YES;
				INFOPLIST_KEY_UILaunchStoryboardName = LaunchScreen;
				INFOPLIST_KEY_UISupportedInterfaceOrientations_iPad = "UIInterfaceOrientationPortrait UIInterfaceOrientationPortraitUpsideDown UIInterfaceOrientationLandscapeLeft UIInterfaceOrientationLandscapeRight";
				INFOPLIST_KEY_UISupportedInterfaceOrientations_iPhone = "UIInterfaceOrientationPortrait UIInterfaceOrientationLandscapeLeft UIInterfaceOrientationLandscapeRight";
				LD_RUNPATH_SEARCH_PATHS = (
					"$(inherited)",
					"@executable_path/Frameworks",
				);
				MARKETING_VERSION = 1.0;
				PRODUCT_BUNDLE_IDENTIFIER = "com.DevITIS.1k-mile.AnimeWave";
				PRODUCT_NAME = "$(TARGET_NAME)";
				SWIFT_EMIT_LOC_STRINGS = YES;
				SWIFT_VERSION = 5.0;
				TARGETED_DEVICE_FAMILY = "1,2";
			};
			name = Debug;
		};
		2788369B2B9E4FBC000A585C /* Release */ = {
			isa = XCBuildConfiguration;
			baseConfigurationReference = C6B5DAB4C98AB49359C3A096 /* Pods-AnimeWave.release.xcconfig */;
			buildSettings = {
				ASSETCATALOG_COMPILER_APPICON_NAME = AppIcon;
				ASSETCATALOG_COMPILER_GLOBAL_ACCENT_COLOR_NAME = AccentColor;
				CODE_SIGN_STYLE = Automatic;
				CURRENT_PROJECT_VERSION = 1;
				DEVELOPMENT_TEAM = 6Z768ZM658;
				GENERATE_INFOPLIST_FILE = YES;
				INFOPLIST_FILE = "AnimeWave/Supporting Files/Info.plist";
				INFOPLIST_KEY_UIApplicationSupportsIndirectInputEvents = YES;
				INFOPLIST_KEY_UILaunchStoryboardName = LaunchScreen;
				INFOPLIST_KEY_UISupportedInterfaceOrientations_iPad = "UIInterfaceOrientationPortrait UIInterfaceOrientationPortraitUpsideDown UIInterfaceOrientationLandscapeLeft UIInterfaceOrientationLandscapeRight";
				INFOPLIST_KEY_UISupportedInterfaceOrientations_iPhone = "UIInterfaceOrientationPortrait UIInterfaceOrientationLandscapeLeft UIInterfaceOrientationLandscapeRight";
				LD_RUNPATH_SEARCH_PATHS = (
					"$(inherited)",
					"@executable_path/Frameworks",
				);
				MARKETING_VERSION = 1.0;
				PRODUCT_BUNDLE_IDENTIFIER = "com.DevITIS.1k-mile.AnimeWave";
				PRODUCT_NAME = "$(TARGET_NAME)";
				SWIFT_EMIT_LOC_STRINGS = YES;
				SWIFT_VERSION = 5.0;
				TARGETED_DEVICE_FAMILY = "1,2";
			};
			name = Release;
		};
/* End XCBuildConfiguration section */

/* Begin XCConfigurationList section */
		278836802B9E4FBA000A585C /* Build configuration list for PBXProject "AnimeWave" */ = {
			isa = XCConfigurationList;
			buildConfigurations = (
				278836972B9E4FBC000A585C /* Debug */,
				278836982B9E4FBC000A585C /* Release */,
			);
			defaultConfigurationIsVisible = 0;
			defaultConfigurationName = Release;
		};
		278836992B9E4FBC000A585C /* Build configuration list for PBXNativeTarget "AnimeWave" */ = {
			isa = XCConfigurationList;
			buildConfigurations = (
				2788369A2B9E4FBC000A585C /* Debug */,
				2788369B2B9E4FBC000A585C /* Release */,
			);
			defaultConfigurationIsVisible = 0;
			defaultConfigurationName = Release;
		};
/* End XCConfigurationList section */
	};
	rootObject = 2788367D2B9E4FBA000A585C /* Project object */;
}
